
Microsoft Visual Studio Solution File, Format Version 12.00
# Visual Studio Version 17
VisualStudioVersion = 17.10.35013.160
MinimumVisualStudioVersion = 10.0.40219.1
Project("{9A19103F-16F7-4668-BE54-9A1E7A4F7556}") = "SocialRecipes.API", "SocialRecipes.API\SocialRecipes.API.csproj", "{109C5F99-2A14-477A-9ED5-3FCBC979612B}"
EndProject
Project("{9A19103F-16F7-4668-BE54-9A1E7A4F7556}") = "SocialRecipes.DAL", "SocialRecipes.DAL\SocialRecipes.DAL.csproj", "{37608A16-9C89-4028-8D88-A8E838AA415D}"
EndProject
Project("{9A19103F-16F7-4668-BE54-9A1E7A4F7556}") = "SocialRecipes.Domain", "SocialRecipes.Domain\SocialRecipes.Domain.csproj", "{B498669D-420F-4F3E-993E-AA7C05E882A6}"
EndProject
Project("{2150E333-8FDC-42A3-9474-1A3956D46DE8}") = "Solution Items", "Solution Items", "{1A011E7D-8369-4C85-907A-9980665EA15A}"
	ProjectSection(SolutionItems) = preProject
		dotnet-tests.yml = dotnet-tests.yml
	EndProjectSection
EndProject
Project("{9A19103F-16F7-4668-BE54-9A1E7A4F7556}") = "SocialRecipes.Tests", "SocialRecipes.Tests\SocialRecipes.Tests.csproj", "{67CF2598-B87C-4F83-A35A-9E9C5AFA5484}"
EndProject
Project("{FAE04EC0-301F-11D3-BF4B-00C04F79EFBC}") = "SocialRecipes.Infrastructure", "SocialRecipes.Infrastructure\SocialRecipes.Infrastructure.csproj", "{BFEB28BA-7782-4DF0-AC5F-03527103B850}"
EndProject
Project("{FAE04EC0-301F-11D3-BF4B-00C04F79EFBC}") = "SocialRecipes.Services", "SocialRecipes.Services\SocialRecipes.Services.csproj", "{92A3D03A-89D0-44CE-979C-6777FF1D8B58}"
EndProject
Global
	GlobalSection(SolutionConfigurationPlatforms) = preSolution
		Debug|Any CPU = Debug|Any CPU
		Release|Any CPU = Release|Any CPU
	EndGlobalSection
	GlobalSection(ProjectConfigurationPlatforms) = postSolution
		{109C5F99-2A14-477A-9ED5-3FCBC979612B}.Debug|Any CPU.ActiveCfg = Debug|Any CPU
		{109C5F99-2A14-477A-9ED5-3FCBC979612B}.Debug|Any CPU.Build.0 = Debug|Any CPU
		{109C5F99-2A14-477A-9ED5-3FCBC979612B}.Release|Any CPU.ActiveCfg = Release|Any CPU
		{109C5F99-2A14-477A-9ED5-3FCBC979612B}.Release|Any CPU.Build.0 = Release|Any CPU
		{37608A16-9C89-4028-8D88-A8E838AA415D}.Debug|Any CPU.ActiveCfg = Debug|Any CPU
		{37608A16-9C89-4028-8D88-A8E838AA415D}.Debug|Any CPU.Build.0 = Debug|Any CPU
		{37608A16-9C89-4028-8D88-A8E838AA415D}.Release|Any CPU.ActiveCfg = Release|Any CPU
		{37608A16-9C89-4028-8D88-A8E838AA415D}.Release|Any CPU.Build.0 = Release|Any CPU
		{B498669D-420F-4F3E-993E-AA7C05E882A6}.Debug|Any CPU.ActiveCfg = Debug|Any CPU
		{B498669D-420F-4F3E-993E-AA7C05E882A6}.Debug|Any CPU.Build.0 = Debug|Any CPU
		{B498669D-420F-4F3E-993E-AA7C05E882A6}.Release|Any CPU.ActiveCfg = Release|Any CPU
		{B498669D-420F-4F3E-993E-AA7C05E882A6}.Release|Any CPU.Build.0 = Release|Any CPU
		{67CF2598-B87C-4F83-A35A-9E9C5AFA5484}.Debug|Any CPU.ActiveCfg = Debug|Any CPU
		{67CF2598-B87C-4F83-A35A-9E9C5AFA5484}.Debug|Any CPU.Build.0 = Debug|Any CPU
		{67CF2598-B87C-4F83-A35A-9E9C5AFA5484}.Release|Any CPU.ActiveCfg = Release|Any CPU
		{67CF2598-B87C-4F83-A35A-9E9C5AFA5484}.Release|Any CPU.Build.0 = Release|Any CPU
		{BFEB28BA-7782-4DF0-AC5F-03527103B850}.Debug|Any CPU.ActiveCfg = Debug|Any CPU
		{BFEB28BA-7782-4DF0-AC5F-03527103B850}.Debug|Any CPU.Build.0 = Debug|Any CPU
		{BFEB28BA-7782-4DF0-AC5F-03527103B850}.Release|Any CPU.ActiveCfg = Release|Any CPU
		{BFEB28BA-7782-4DF0-AC5F-03527103B850}.Release|Any CPU.Build.0 = Release|Any CPU
		{92A3D03A-89D0-44CE-979C-6777FF1D8B58}.Debug|Any CPU.ActiveCfg = Debug|Any CPU
		{92A3D03A-89D0-44CE-979C-6777FF1D8B58}.Debug|Any CPU.Build.0 = Debug|Any CPU
		{92A3D03A-89D0-44CE-979C-6777FF1D8B58}.Release|Any CPU.ActiveCfg = Release|Any CPU
		{92A3D03A-89D0-44CE-979C-6777FF1D8B58}.Release|Any CPU.Build.0 = Release|Any CPU
	EndGlobalSection
	GlobalSection(SolutionProperties) = preSolution
		HideSolutionNode = FALSE
	EndGlobalSection
	GlobalSection(ExtensibilityGlobals) = postSolution
		SolutionGuid = {2DB1926E-8256-4438-A70D-BF0771DFAEA1}
	EndGlobalSection
EndGlobal
